{
  "version": 4,
  "terraform_version": "1.7.3",
  "serial": 1,
  "lineage": "7d8ca6c6-5786-cf84-88e0-543dfd15e8cc",
  "outputs": {},
  "resources": [
    {
      "mode": "managed",
      "type": "aws_vpc",
      "name": "abilash_vpc",
      "provider": "provider[\"registry.terraform.io/hashicorp/aws\"]",
      "instances": [
        {
          "schema_version": 1,
          "attributes": {
            "arn": "arn:aws:ec2:ap-southeast-2:637423190334:vpc/vpc-0e5589683704e63bb",
            "assign_generated_ipv6_cidr_block": false,
            "cidr_block": "10.0.0.0/16",
            "default_network_acl_id": "acl-007a21e416ebd2db5",
            "default_route_table_id": "rtb-087f99b7e9e223639",
            "default_security_group_id": "sg-017985d5ab8deeac1",
            "dhcp_options_id": "dopt-073f913d77dc255b7",
            "enable_dns_hostnames": false,
            "enable_dns_support": true,
            "enable_network_address_usage_metrics": false,
            "id": "vpc-0e5589683704e63bb",
            "instance_tenancy": "default",
            "ipv4_ipam_pool_id": null,
            "ipv4_netmask_length": null,
            "ipv6_association_id": "",
            "ipv6_cidr_block": "",
            "ipv6_cidr_block_network_border_group": "",
            "ipv6_ipam_pool_id": "",
            "ipv6_netmask_length": 0,
            "main_route_table_id": "rtb-087f99b7e9e223639",
            "owner_id": "637423190334",
            "tags": {
              "Name": "AbhilashVPC"
            },
            "tags_all": {
              "Name": "AbhilashVPC"
            }
          },
          "sensitive_attributes": [],
          "private": "eyJzY2hlbWFfdmVyc2lvbiI6IjEifQ=="
        }
      ]
    }
  ],
  "check_results": null
}
